
Microsoft Visual Studio Solution File, Format Version 11.00
# Visual Studio 2010
Project("{FAE04EC0-301F-11D3-BF4B-00C04F79EFBC}") = "KSXML", "KSXML\KSXML.csproj", "{D8F00803-820F-4F9E-976C-520CF07203B9}"
EndProject
Project("{FAE04EC0-301F-11D3-BF4B-00C04F79EFBC}") = "KSXML.Example", "KSXML.Example\KSXML.Example.csproj", "{83F7D558-2530-401C-BEEB-0C18FCA8D30D}"
EndProject
Global
	GlobalSection(SolutionConfigurationPlatforms) = preSolution
		Debug|Any CPU = Debug|Any CPU
		Release|Any CPU = Release|Any CPU
	EndGlobalSection
	GlobalSection(ProjectConfigurationPlatforms) = postSolution
		{D8F00803-820F-4F9E-976C-520CF07203B9}.Debug|Any CPU.ActiveCfg = Debug|Any CPU
		{D8F00803-820F-4F9E-976C-520CF07203B9}.Debug|Any CPU.Build.0 = Debug|Any CPU
		{D8F00803-820F-4F9E-976C-520CF07203B9}.Release|Any CPU.ActiveCfg = Release|Any CPU
		{D8F00803-820F-4F9E-976C-520CF07203B9}.Release|Any CPU.Build.0 = Release|Any CPU
		{83F7D558-2530-401C-BEEB-0C18FCA8D30D}.Debug|Any CPU.ActiveCfg = Debug|Any CPU
		{83F7D558-2530-401C-BEEB-0C18FCA8D30D}.Debug|Any CPU.Build.0 = Debug|Any CPU
		{83F7D558-2530-401C-BEEB-0C18FCA8D30D}.Release|Any CPU.ActiveCfg = Release|Any CPU
		{83F7D558-2530-401C-BEEB-0C18FCA8D30D}.Release|Any CPU.Build.0 = Release|Any CPU
	EndGlobalSection
	GlobalSection(SolutionProperties) = preSolution
		HideSolutionNode = FALSE
	EndGlobalSection
EndGlobal
